// !$*UTF8*$!
{
	archiveVersion = 1;
	classes = {
	};
	objectVersion = 46;
	objects = {

/* Begin PBXBuildFile section */
		FE2C9EB41AB17BE8004488F7 /* AutoResizeCellHeightController.m in Sources */ = {isa = PBXBuildFile; fileRef = FE2C9EB31AB17BE8004488F7 /* AutoResizeCellHeightController.m */; };
		FE2C9EB91AB17CB5004488F7 /* AutoResizeCell.m in Sources */ = {isa = PBXBuildFile; fileRef = FE2C9EB71AB17CB5004488F7 /* AutoResizeCell.m */; };
		FE2C9EBA1AB17CB5004488F7 /* AutoResizeCell.xib in Resources */ = {isa = PBXBuildFile; fileRef = FE2C9EB81AB17CB5004488F7 /* AutoResizeCell.xib */; };
		FE2C9EC81AB1905B004488F7 /* ALView+PureLayout.m in Sources */ = {isa = PBXBuildFile; fileRef = FE2C9EC01AB1905B004488F7 /* ALView+PureLayout.m */; };
		FE2C9EC91AB1905B004488F7 /* NSArray+PureLayout.m in Sources */ = {isa = PBXBuildFile; fileRef = FE2C9EC21AB1905B004488F7 /* NSArray+PureLayout.m */; };
		FE2C9ECA1AB1905B004488F7 /* NSLayoutConstraint+PureLayout.m in Sources */ = {isa = PBXBuildFile; fileRef = FE2C9EC41AB1905B004488F7 /* NSLayoutConstraint+PureLayout.m */; };
		FE799AB51AA833850058391D /* main.m in Sources */ = {isa = PBXBuildFile; fileRef = FE799AB41AA833850058391D /* main.m */; };
		FE799AB81AA833850058391D /* AppDelegate.m in Sources */ = {isa = PBXBuildFile; fileRef = FE799AB71AA833850058391D /* AppDelegate.m */; };
		FE799ABE1AA833850058391D /* Main.storyboard in Resources */ = {isa = PBXBuildFile; fileRef = FE799ABC1AA833850058391D /* Main.storyboard */; };
		FE799AC01AA833850058391D /* Images.xcassets in Resources */ = {isa = PBXBuildFile; fileRef = FE799ABF1AA833850058391D /* Images.xcassets */; };
		FE799AC31AA833850058391D /* LaunchScreen.xib in Resources */ = {isa = PBXBuildFile; fileRef = FE799AC11AA833850058391D /* LaunchScreen.xib */; };
		FE799ACF1AA833850058391D /* AutolayoutFlowDemoTests.m in Sources */ = {isa = PBXBuildFile; fileRef = FE799ACE1AA833850058391D /* AutolayoutFlowDemoTests.m */; };
		FE799AE41AA8353D0058391D /* AutoLayoutController.m in Sources */ = {isa = PBXBuildFile; fileRef = FE799AD91AA8353D0058391D /* AutoLayoutController.m */; };
		FE799AE51AA8353D0058391D /* AutoSizeViewController.m in Sources */ = {isa = PBXBuildFile; fileRef = FE799ADB1AA8353D0058391D /* AutoSizeViewController.m */; };
		FE799AE61AA8353D0058391D /* BridgeView.m in Sources */ = {isa = PBXBuildFile; fileRef = FE799ADD1AA8353D0058391D /* BridgeView.m */; };
		FE799AE71AA8353D0058391D /* BridgeView.xib in Resources */ = {isa = PBXBuildFile; fileRef = FE799ADE1AA8353D0058391D /* BridgeView.xib */; };
		FE799AE81AA8353D0058391D /* TestView.m in Sources */ = {isa = PBXBuildFile; fileRef = FE799AE01AA8353D0058391D /* TestView.m */; };
		FE799AE91AA8353D0058391D /* XXNibBridge.m in Sources */ = {isa = PBXBuildFile; fileRef = FE799AE31AA8353D0058391D /* XXNibBridge.m */; };
/* End PBXBuildFile section */

/* Begin PBXContainerItemProxy section */
		FE799AC91AA833850058391D /* PBXContainerItemProxy */ = {
			isa = PBXContainerItemProxy;
			containerPortal = FE799AA71AA833840058391D /* Project object */;
			proxyType = 1;
			remoteGlobalIDString = FE799AAE1AA833850058391D;
			remoteInfo = AutolayoutFlowDemo;
		};
/* End PBXContainerItemProxy section */

/* Begin PBXFileReference section */
		FE2C9EB21AB17BE8004488F7 /* AutoResizeCellHeightController.h */ = {isa = PBXFileReference; fileEncoding = 4; lastKnownFileType = sourcecode.c.h; path = AutoResizeCellHeightController.h; sourceTree = "<group>"; };
		FE2C9EB31AB17BE8004488F7 /* AutoResizeCellHeightController.m */ = {isa = PBXFileReference; fileEncoding = 4; lastKnownFileType = sourcecode.c.objc; path = AutoResizeCellHeightController.m; sourceTree = "<group>"; };
		FE2C9EB61AB17CB5004488F7 /* AutoResizeCell.h */ = {isa = PBXFileReference; fileEncoding = 4; lastKnownFileType = sourcecode.c.h; name = AutoResizeCell.h; path = cell/AutoResizeCell.h; sourceTree = "<group>"; };
		FE2C9EB71AB17CB5004488F7 /* AutoResizeCell.m */ = {isa = PBXFileReference; fileEncoding = 4; lastKnownFileType = sourcecode.c.objc; name = AutoResizeCell.m; path = cell/AutoResizeCell.m; sourceTree = "<group>"; };
		FE2C9EB81AB17CB5004488F7 /* AutoResizeCell.xib */ = {isa = PBXFileReference; fileEncoding = 4; lastKnownFileType = file.xib; name = AutoResizeCell.xib; path = cell/AutoResizeCell.xib; sourceTree = "<group>"; };
		FE2C9EBF1AB1905B004488F7 /* ALView+PureLayout.h */ = {isa = PBXFileReference; fileEncoding = 4; lastKnownFileType = sourcecode.c.h; path = "ALView+PureLayout.h"; sourceTree = "<group>"; };
		FE2C9EC01AB1905B004488F7 /* ALView+PureLayout.m */ = {isa = PBXFileReference; fileEncoding = 4; lastKnownFileType = sourcecode.c.objc; path = "ALView+PureLayout.m"; sourceTree = "<group>"; };
		FE2C9EC11AB1905B004488F7 /* NSArray+PureLayout.h */ = {isa = PBXFileReference; fileEncoding = 4; lastKnownFileType = sourcecode.c.h; path = "NSArray+PureLayout.h"; sourceTree = "<group>"; };
		FE2C9EC21AB1905B004488F7 /* NSArray+PureLayout.m */ = {isa = PBXFileReference; fileEncoding = 4; lastKnownFileType = sourcecode.c.objc; path = "NSArray+PureLayout.m"; sourceTree = "<group>"; };
		FE2C9EC31AB1905B004488F7 /* NSLayoutConstraint+PureLayout.h */ = {isa = PBXFileReference; fileEncoding = 4; lastKnownFileType = sourcecode.c.h; path = "NSLayoutConstraint+PureLayout.h"; sourceTree = "<group>"; };
		FE2C9EC41AB1905B004488F7 /* NSLayoutConstraint+PureLayout.m */ = {isa = PBXFileReference; fileEncoding = 4; lastKnownFileType = sourcecode.c.objc; path = "NSLayoutConstraint+PureLayout.m"; sourceTree = "<group>"; };
		FE2C9EC51AB1905B004488F7 /* PureLayout+Internal.h */ = {isa = PBXFileReference; fileEncoding = 4; lastKnownFileType = sourcecode.c.h; path = "PureLayout+Internal.h"; sourceTree = "<group>"; };
		FE2C9EC61AB1905B004488F7 /* PureLayout.h */ = {isa = PBXFileReference; fileEncoding = 4; lastKnownFileType = sourcecode.c.h; path = PureLayout.h; sourceTree = "<group>"; };
		FE2C9EC71AB1905B004488F7 /* PureLayoutDefines.h */ = {isa = PBXFileReference; fileEncoding = 4; lastKnownFileType = sourcecode.c.h; path = PureLayoutDefines.h; sourceTree = "<group>"; };
		FE799AAF1AA833850058391D /* AutolayoutFlowDemo.app */ = {isa = PBXFileReference; explicitFileType = wrapper.application; includeInIndex = 0; path = AutolayoutFlowDemo.app; sourceTree = BUILT_PRODUCTS_DIR; };
		FE799AB31AA833850058391D /* Info.plist */ = {isa = PBXFileReference; lastKnownFileType = text.plist.xml; path = Info.plist; sourceTree = "<group>"; };
		FE799AB41AA833850058391D /* main.m */ = {isa = PBXFileReference; lastKnownFileType = sourcecode.c.objc; path = main.m; sourceTree = "<group>"; };
		FE799AB61AA833850058391D /* AppDelegate.h */ = {isa = PBXFileReference; lastKnownFileType = sourcecode.c.h; path = AppDelegate.h; sourceTree = "<group>"; };
		FE799AB71AA833850058391D /* AppDelegate.m */ = {isa = PBXFileReference; lastKnownFileType = sourcecode.c.objc; path = AppDelegate.m; sourceTree = "<group>"; };
		FE799ABD1AA833850058391D /* Base */ = {isa = PBXFileReference; lastKnownFileType = file.storyboard; name = Base; path = Base.lproj/Main.storyboard; sourceTree = "<group>"; };
		FE799ABF1AA833850058391D /* Images.xcassets */ = {isa = PBXFileReference; lastKnownFileType = folder.assetcatalog; path = Images.xcassets; sourceTree = "<group>"; };
		FE799AC21AA833850058391D /* Base */ = {isa = PBXFileReference; lastKnownFileType = file.xib; name = Base; path = Base.lproj/LaunchScreen.xib; sourceTree = "<group>"; };
		FE799AC81AA833850058391D /* AutolayoutFlowDemoTests.xctest */ = {isa = PBXFileReference; explicitFileType = wrapper.cfbundle; includeInIndex = 0; path = AutolayoutFlowDemoTests.xctest; sourceTree = BUILT_PRODUCTS_DIR; };
		FE799ACD1AA833850058391D /* Info.plist */ = {isa = PBXFileReference; lastKnownFileType = text.plist.xml; path = Info.plist; sourceTree = "<group>"; };
		FE799ACE1AA833850058391D /* AutolayoutFlowDemoTests.m */ = {isa = PBXFileReference; lastKnownFileType = sourcecode.c.objc; path = AutolayoutFlowDemoTests.m; sourceTree = "<group>"; };
		FE799AD81AA8353D0058391D /* AutoLayoutController.h */ = {isa = PBXFileReference; fileEncoding = 4; lastKnownFileType = sourcecode.c.h; path = AutoLayoutController.h; sourceTree = "<group>"; };
		FE799AD91AA8353D0058391D /* AutoLayoutController.m */ = {isa = PBXFileReference; fileEncoding = 4; lastKnownFileType = sourcecode.c.objc; path = AutoLayoutController.m; sourceTree = "<group>"; };
		FE799ADA1AA8353D0058391D /* AutoSizeViewController.h */ = {isa = PBXFileReference; fileEncoding = 4; lastKnownFileType = sourcecode.c.h; path = AutoSizeViewController.h; sourceTree = "<group>"; };
		FE799ADB1AA8353D0058391D /* AutoSizeViewController.m */ = {isa = PBXFileReference; fileEncoding = 4; lastKnownFileType = sourcecode.c.objc; path = AutoSizeViewController.m; sourceTree = "<group>"; };
		FE799ADC1AA8353D0058391D /* BridgeView.h */ = {isa = PBXFileReference; fileEncoding = 4; lastKnownFileType = sourcecode.c.h; path = BridgeView.h; sourceTree = "<group>"; };
		FE799ADD1AA8353D0058391D /* BridgeView.m */ = {isa = PBXFileReference; fileEncoding = 4; lastKnownFileType = sourcecode.c.objc; path = BridgeView.m; sourceTree = "<group>"; };
		FE799ADE1AA8353D0058391D /* BridgeView.xib */ = {isa = PBXFileReference; fileEncoding = 4; lastKnownFileType = file.xib; path = BridgeView.xib; sourceTree = "<group>"; };
		FE799ADF1AA8353D0058391D /* TestView.h */ = {isa = PBXFileReference; fileEncoding = 4; lastKnownFileType = sourcecode.c.h; path = TestView.h; sourceTree = "<group>"; };
		FE799AE01AA8353D0058391D /* TestView.m */ = {isa = PBXFileReference; fileEncoding = 4; lastKnownFileType = sourcecode.c.objc; path = TestView.m; sourceTree = "<group>"; };
		FE799AE21AA8353D0058391D /* XXNibBridge.h */ = {isa = PBXFileReference; fileEncoding = 4; lastKnownFileType = sourcecode.c.h; path = XXNibBridge.h; sourceTree = "<group>"; };
		FE799AE31AA8353D0058391D /* XXNibBridge.m */ = {isa = PBXFileReference; fileEncoding = 4; lastKnownFileType = sourcecode.c.objc; path = XXNibBridge.m; sourceTree = "<group>"; };
/* End PBXFileReference section */

/* Begin PBXFrameworksBuildPhase section */
		FE799AAC1AA833850058391D /* Frameworks */ = {
			isa = PBXFrameworksBuildPhase;
			buildActionMask = 2147483647;
			files = (
			);
			runOnlyForDeploymentPostprocessing = 0;
		};
		FE799AC51AA833850058391D /* Frameworks */ = {
			isa = PBXFrameworksBuildPhase;
			buildActionMask = 2147483647;
			files = (
			);
			runOnlyForDeploymentPostprocessing = 0;
		};
/* End PBXFrameworksBuildPhase section */

/* Begin PBXGroup section */
		FE2C9EB51AB17C94004488F7 /* cell */ = {
			isa = PBXGroup;
			children = (
				FE2C9EB61AB17CB5004488F7 /* AutoResizeCell.h */,
				FE2C9EB71AB17CB5004488F7 /* AutoResizeCell.m */,
				FE2C9EB81AB17CB5004488F7 /* AutoResizeCell.xib */,
			);
			name = cell;
			sourceTree = "<group>";
		};
		FE2C9EBE1AB1905B004488F7 /* PureLayout */ = {
			isa = PBXGroup;
			children = (
				FE2C9EBF1AB1905B004488F7 /* ALView+PureLayout.h */,
				FE2C9EC01AB1905B004488F7 /* ALView+PureLayout.m */,
				FE2C9EC11AB1905B004488F7 /* NSArray+PureLayout.h */,
				FE2C9EC21AB1905B004488F7 /* NSArray+PureLayout.m */,
				FE2C9EC31AB1905B004488F7 /* NSLayoutConstraint+PureLayout.h */,
				FE2C9EC41AB1905B004488F7 /* NSLayoutConstraint+PureLayout.m */,
				FE2C9EC51AB1905B004488F7 /* PureLayout+Internal.h */,
				FE2C9EC61AB1905B004488F7 /* PureLayout.h */,
				FE2C9EC71AB1905B004488F7 /* PureLayoutDefines.h */,
			);
			path = PureLayout;
			sourceTree = "<group>";
		};
		FE799AA61AA833840058391D = {
			isa = PBXGroup;
			children = (
				FE799AB11AA833850058391D /* AutolayoutFlowDemo */,
				FE799ACB1AA833850058391D /* AutolayoutFlowDemoTests */,
				FE799AB01AA833850058391D /* Products */,
			);
			sourceTree = "<group>";
		};
		FE799AB01AA833850058391D /* Products */ = {
			isa = PBXGroup;
			children = (
				FE799AAF1AA833850058391D /* AutolayoutFlowDemo.app */,
				FE799AC81AA833850058391D /* AutolayoutFlowDemoTests.xctest */,
			);
			name = Products;
			sourceTree = "<group>";
		};
		FE799AB11AA833850058391D /* AutolayoutFlowDemo */ = {
			isa = PBXGroup;
			children = (
				FE2C9EBE1AB1905B004488F7 /* PureLayout */,
				FE2C9EB51AB17C94004488F7 /* cell */,
				FE799AB61AA833850058391D /* AppDelegate.h */,
				FE799AB71AA833850058391D /* AppDelegate.m */,
				FE799AE11AA8353D0058391D /* XXNibBridge */,
				FE799AD81AA8353D0058391D /* AutoLayoutController.h */,
				FE799AD91AA8353D0058391D /* AutoLayoutController.m */,
				FE799ADA1AA8353D0058391D /* AutoSizeViewController.h */,
				FE799ADB1AA8353D0058391D /* AutoSizeViewController.m */,
				FE2C9EB21AB17BE8004488F7 /* AutoResizeCellHeightController.h */,
				FE2C9EB31AB17BE8004488F7 /* AutoResizeCellHeightController.m */,
				FE799ADC1AA8353D0058391D /* BridgeView.h */,
				FE799ADD1AA8353D0058391D /* BridgeView.m */,
				FE799ADE1AA8353D0058391D /* BridgeView.xib */,
				FE799ADF1AA8353D0058391D /* TestView.h */,
				FE799AE01AA8353D0058391D /* TestView.m */,
				FE799ABC1AA833850058391D /* Main.storyboard */,
				FE799ABF1AA833850058391D /* Images.xcassets */,
				FE799AC11AA833850058391D /* LaunchScreen.xib */,
				FE799AB21AA833850058391D /* Supporting Files */,
			);
			path = AutolayoutFlowDemo;
			sourceTree = "<group>";
		};
		FE799AB21AA833850058391D /* Supporting Files */ = {
			isa = PBXGroup;
			children = (
				FE799AB31AA833850058391D /* Info.plist */,
				FE799AB41AA833850058391D /* main.m */,
			);
			name = "Supporting Files";
			sourceTree = "<group>";
		};
		FE799ACB1AA833850058391D /* AutolayoutFlowDemoTests */ = {
			isa = PBXGroup;
			children = (
				FE799ACE1AA833850058391D /* AutolayoutFlowDemoTests.m */,
				FE799ACC1AA833850058391D /* Supporting Files */,
			);
			path = AutolayoutFlowDemoTests;
			sourceTree = "<group>";
		};
		FE799ACC1AA833850058391D /* Supporting Files */ = {
			isa = PBXGroup;
			children = (
				FE799ACD1AA833850058391D /* Info.plist */,
			);
			name = "Supporting Files";
			sourceTree = "<group>";
		};
		FE799AE11AA8353D0058391D /* XXNibBridge */ = {
			isa = PBXGroup;
			children = (
				FE799AE21AA8353D0058391D /* XXNibBridge.h */,
				FE799AE31AA8353D0058391D /* XXNibBridge.m */,
			);
			path = XXNibBridge;
			sourceTree = "<group>";
		};
/* End PBXGroup section */

/* Begin PBXNativeTarget section */
		FE799AAE1AA833850058391D /* AutolayoutFlowDemo */ = {
			isa = PBXNativeTarget;
			buildConfigurationList = FE799AD21AA833850058391D /* Build configuration list for PBXNativeTarget "AutolayoutFlowDemo" */;
			buildPhases = (
				FE799AAB1AA833850058391D /* Sources */,
				FE799AAC1AA833850058391D /* Frameworks */,
				FE799AAD1AA833850058391D /* Resources */,
			);
			buildRules = (
			);
			dependencies = (
			);
			name = AutolayoutFlowDemo;
			productName = AutolayoutFlowDemo;
			productReference = FE799AAF1AA833850058391D /* AutolayoutFlowDemo.app */;
			productType = "com.apple.product-type.application";
		};
		FE799AC71AA833850058391D /* AutolayoutFlowDemoTests */ = {
			isa = PBXNativeTarget;
			buildConfigurationList = FE799AD51AA833850058391D /* Build configuration list for PBXNativeTarget "AutolayoutFlowDemoTests" */;
			buildPhases = (
				FE799AC41AA833850058391D /* Sources */,
				FE799AC51AA833850058391D /* Frameworks */,
				FE799AC61AA833850058391D /* Resources */,
			);
			buildRules = (
			);
			dependencies = (
				FE799ACA1AA833850058391D /* PBXTargetDependency */,
			);
			name = AutolayoutFlowDemoTests;
			productName = AutolayoutFlowDemoTests;
			productReference = FE799AC81AA833850058391D /* AutolayoutFlowDemoTests.xctest */;
			productType = "com.apple.product-type.bundle.unit-test";
		};
/* End PBXNativeTarget section */

/* Begin PBXProject section */
		FE799AA71AA833840058391D /* Project object */ = {
			isa = PBXProject;
			attributes = {
				LastUpgradeCheck = 0610;
				ORGANIZATIONNAME = Nemo;
				TargetAttributes = {
					FE799AAE1AA833850058391D = {
						CreatedOnToolsVersion = 6.1.1;
					};
					FE799AC71AA833850058391D = {
						CreatedOnToolsVersion = 6.1.1;
						TestTargetID = FE799AAE1AA833850058391D;
					};
				};
			};
			buildConfigurationList = FE799AAA1AA833840058391D /* Build configuration list for PBXProject "AutolayoutFlowDemo" */;
			compatibilityVersion = "Xcode 3.2";
			developmentRegion = English;
			hasScannedForEncodings = 0;
			knownRegions = (
				en,
				Base,
			);
			mainGroup = FE799AA61AA833840058391D;
			productRefGroup = FE799AB01AA833850058391D /* Products */;
			projectDirPath = "";
			projectRoot = "";
			targets = (
				FE799AAE1AA833850058391D /* AutolayoutFlowDemo */,
				FE799AC71AA833850058391D /* AutolayoutFlowDemoTests */,
			);
		};
/* End PBXProject section */

/* Begin PBXResourcesBuildPhase section */
		FE799AAD1AA833850058391D /* Resources */ = {
			isa = PBXResourcesBuildPhase;
			buildActionMask = 2147483647;
			files = (
				FE799ABE1AA833850058391D /* Main.storyboard in Resources */,
				FE799AC31AA833850058391D /* LaunchScreen.xib in Resources */,
				FE799AC01AA833850058391D /* Images.xcassets in Resources */,
				FE2C9EBA1AB17CB5004488F7 /* AutoResizeCell.xib in Resources */,
				FE799AE71AA8353D0058391D /* BridgeView.xib in Resources */,
			);
			runOnlyForDeploymentPostprocessing = 0;
		};
		FE799AC61AA833850058391D /* Resources */ = {
			isa = PBXResourcesBuildPhase;
			buildActionMask = 2147483647;
			files = (
			);
			runOnlyForDeploymentPostprocessing = 0;
		};
/* End PBXResourcesBuildPhase section */

/* Begin PBXSourcesBuildPhase section */
		FE799AAB1AA833850058391D /* Sources */ = {
			isa = PBXSourcesBuildPhase;
			buildActionMask = 2147483647;
			files = (
				FE799AB81AA833850058391D /* AppDelegate.m in Sources */,
				FE799AE61AA8353D0058391D /* BridgeView.m in Sources */,
				FE799AE91AA8353D0058391D /* XXNibBridge.m in Sources */,
				FE2C9EC81AB1905B004488F7 /* ALView+PureLayout.m in Sources */,
				FE799AB51AA833850058391D /* main.m in Sources */,
				FE799AE51AA8353D0058391D /* AutoSizeViewController.m in Sources */,
				FE2C9EC91AB1905B004488F7 /* NSArray+PureLayout.m in Sources */,
				FE799AE81AA8353D0058391D /* TestView.m in Sources */,
				FE2C9EB91AB17CB5004488F7 /* AutoResizeCell.m in Sources */,
				FE799AE41AA8353D0058391D /* AutoLayoutController.m in Sources */,
				FE2C9EB41AB17BE8004488F7 /* AutoResizeCellHeightController.m in Sources */,
				FE2C9ECA1AB1905B004488F7 /* NSLayoutConstraint+PureLayout.m in Sources */,
			);
			runOnlyForDeploymentPostprocessing = 0;
		};
		FE799AC41AA833850058391D /* Sources */ = {
			isa = PBXSourcesBuildPhase;
			buildActionMask = 2147483647;
			files = (
				FE799ACF1AA833850058391D /* AutolayoutFlowDemoTests.m in Sources */,
			);
			runOnlyForDeploymentPostprocessing = 0;
		};
/* End PBXSourcesBuildPhase section */

/* Begin PBXTargetDependency section */
		FE799ACA1AA833850058391D /* PBXTargetDependency */ = {
			isa = PBXTargetDependency;
			target = FE799AAE1AA833850058391D /* AutolayoutFlowDemo */;
			targetProxy = FE799AC91AA833850058391D /* PBXContainerItemProxy */;
		};
/* End PBXTargetDependency section */

/* Begin PBXVariantGroup section */
		FE799ABC1AA833850058391D /* Main.storyboard */ = {
			isa = PBXVariantGroup;
			children = (
				FE799ABD1AA833850058391D /* Base */,
			);
			name = Main.storyboard;
			sourceTree = "<group>";
		};
		FE799AC11AA833850058391D /* LaunchScreen.xib */ = {
			isa = PBXVariantGroup;
			children = (
				FE799AC21AA833850058391D /* Base */,
			);
			name = LaunchScreen.xib;
			sourceTree = "<group>";
		};
/* End PBXVariantGroup section */

/* Begin XCBuildConfiguration section */
		FE799AD01AA833850058391D /* Debug */ = {
			isa = XCBuildConfiguration;
			buildSettings = {
				ALWAYS_SEARCH_USER_PATHS = NO;
				CLANG_CXX_LANGUAGE_STANDARD = "gnu++0x";
				CLANG_CXX_LIBRARY = "libc++";
				CLANG_ENABLE_MODULES = YES;
				CLANG_ENABLE_OBJC_ARC = YES;
				CLANG_WARN_BOOL_CONVERSION = YES;
				CLANG_WARN_CONSTANT_CONVERSION = YES;
				CLANG_WARN_DIRECT_OBJC_ISA_USAGE = YES_ERROR;
				CLANG_WARN_EMPTY_BODY = YES;
				CLANG_WARN_ENUM_CONVERSION = YES;
				CLANG_WARN_INT_CONVERSION = YES;
				CLANG_WARN_OBJC_ROOT_CLASS = YES_ERROR;
				CLANG_WARN_UNREACHABLE_CODE = YES;
				CLANG_WARN__DUPLICATE_METHOD_MATCH = YES;
				"CODE_SIGN_IDENTITY[sdk=iphoneos*]" = "iPhone Developer";
				COPY_PHASE_STRIP = NO;
				ENABLE_STRICT_OBJC_MSGSEND = YES;
				GCC_C_LANGUAGE_STANDARD = gnu99;
				GCC_DYNAMIC_NO_PIC = NO;
				GCC_OPTIMIZATION_LEVEL = 0;
				GCC_PREPROCESSOR_DEFINITIONS = (
					"DEBUG=1",
					"$(inherited)",
				);
				GCC_SYMBOLS_PRIVATE_EXTERN = NO;
				GCC_WARN_64_TO_32_BIT_CONVERSION = YES;
				GCC_WARN_ABOUT_RETURN_TYPE = YES_ERROR;
				GCC_WARN_UNDECLARED_SELECTOR = YES;
				GCC_WARN_UNINITIALIZED_AUTOS = YES_AGGRESSIVE;
				GCC_WARN_UNUSED_FUNCTION = YES;
				GCC_WARN_UNUSED_VARIABLE = YES;
				IPHONEOS_DEPLOYMENT_TARGET = 8.1;
				MTL_ENABLE_DEBUG_INFO = YES;
				ONLY_ACTIVE_ARCH = YES;
				SDKROOT = iphoneos;
			};
			name = Debug;
		};
		FE799AD11AA833850058391D /* Release */ = {
			isa = XCBuildConfiguration;
			buildSettings = {
				ALWAYS_SEARCH_USER_PATHS = NO;
				CLANG_CXX_LANGUAGE_STANDARD = "gnu++0x";
				CLANG_CXX_LIBRARY = "libc++";
				CLANG_ENABLE_MODULES = YES;
				CLANG_ENABLE_OBJC_ARC = YES;
				CLANG_WARN_BOOL_CONVERSION = YES;
				CLANG_WARN_CONSTANT_CONVERSION = YES;
				CLANG_WARN_DIRECT_OBJC_ISA_USAGE = YES_ERROR;
				CLANG_WARN_EMPTY_BODY = YES;
				CLANG_WARN_ENUM_CONVERSION = YES;
				CLANG_WARN_INT_CONVERSION = YES;
				CLANG_WARN_OBJC_ROOT_CLASS = YES_ERROR;
				CLANG_WARN_UNREACHABLE_CODE = YES;
				CLANG_WARN__DUPLICATE_METHOD_MATCH = YES;
				"CODE_SIGN_IDENTITY[sdk=iphoneos*]" = "iPhone Developer";
				COPY_PHASE_STRIP = YES;
				ENABLE_NS_ASSERTIONS = NO;
				ENABLE_STRICT_OBJC_MSGSEND = YES;
				GCC_C_LANGUAGE_STANDARD = gnu99;
				GCC_WARN_64_TO_32_BIT_CONVERSION = YES;
				GCC_WARN_ABOUT_RETURN_TYPE = YES_ERROR;
				GCC_WARN_UNDECLARED_SELECTOR = YES;
				GCC_WARN_UNINITIALIZED_AUTOS = YES_AGGRESSIVE;
				GCC_WARN_UNUSED_FUNCTION = YES;
				GCC_WARN_UNUSED_VARIABLE = YES;
				IPHONEOS_DEPLOYMENT_TARGET = 8.1;
				MTL_ENABLE_DEBUG_INFO = NO;
				SDKROOT = iphoneos;
				VALIDATE_PRODUCT = YES;
			};
			name = Release;
		};
		FE799AD31AA833850058391D /* Debug */ = {
			isa = XCBuildConfiguration;
			buildSettings = {
				ASSETCATALOG_COMPILER_APPICON_NAME = AppIcon;
				INFOPLIST_FILE = AutolayoutFlowDemo/Info.plist;
				LD_RUNPATH_SEARCH_PATHS = "$(inherited) @executable_path/Frameworks";
				PRODUCT_NAME = "$(TARGET_NAME)";
			};
			name = Debug;
		};
		FE799AD41AA833850058391D /* Release */ = {
			isa = XCBuildConfiguration;
			buildSettings = {
				ASSETCATALOG_COMPILER_APPICON_NAME = AppIcon;
				INFOPLIST_FILE = AutolayoutFlowDemo/Info.plist;
				LD_RUNPATH_SEARCH_PATHS = "$(inherited) @executable_path/Frameworks";
				PRODUCT_NAME = "$(TARGET_NAME)";
			};
			name = Release;
		};
		FE799AD61AA833850058391D /* Debug */ = {
			isa = XCBuildConfiguration;
			buildSettings = {
				BUNDLE_LOADER = "$(TEST_HOST)";
				FRAMEWORK_SEARCH_PATHS = (
					"$(SDKROOT)/Developer/Library/Frameworks",
					"$(inherited)",
				);
				GCC_PREPROCESSOR_DEFINITIONS = (
					"DEBUG=1",
					"$(inherited)",
				);
				INFOPLIST_FILE = AutolayoutFlowDemoTests/Info.plist;
				LD_RUNPATH_SEARCH_PATHS = "$(inherited) @executable_path/Frameworks @loader_path/Frameworks";
				PRODUCT_NAME = "$(TARGET_NAME)";
				TEST_HOST = "$(BUILT_PRODUCTS_DIR)/AutolayoutFlowDemo.app/AutolayoutFlowDemo";
			};
			name = Debug;
		};
		FE799AD71AA833850058391D /* Release */ = {
			isa = XCBuildConfiguration;
			buildSettings = {
				BUNDLE_LOADER = "$(TEST_HOST)";
				FRAMEWORK_SEARCH_PATHS = (
					"$(SDKROOT)/Developer/Library/Frameworks",
					"$(inherited)",
				);
				INFOPLIST_FILE = AutolayoutFlowDemoTests/Info.plist;
				LD_RUNPATH_SEARCH_PATHS = "$(inherited) @executable_path/Frameworks @loader_path/Frameworks";
				PRODUCT_NAME = "$(TARGET_NAME)";
				TEST_HOST = "$(BUILT_PRODUCTS_DIR)/AutolayoutFlowDemo.app/AutolayoutFlowDemo";
			};
			name = Release;
		};
/* End XCBuildConfiguration section */

/* Begin XCConfigurationList section */
		FE799AAA1AA833840058391D /* Build configuration list for PBXProject "AutolayoutFlowDemo" */ = {
			isa = XCConfigurationList;
			buildConfigurations = (
				FE799AD01AA833850058391D /* Debug */,
				FE799AD11AA833850058391D /* Release */,
			);
			defaultConfigurationIsVisible = 0;
			defaultConfigurationName = Release;
		};
		FE799AD21AA833850058391D /* Build configuration list for PBXNativeTarget "AutolayoutFlowDemo" */ = {
			isa = XCConfigurationList;
			buildConfigurations = (
				FE799AD31AA833850058391D /* Debug */,
				FE799AD41AA833850058391D /* Release */,
			);
			defaultConfigurationIsVisible = 0;
			defaultConfigurationName = Release;
		};
		FE799AD51AA833850058391D /* Build configuration list for PBXNativeTarget "AutolayoutFlowDemoTests" */ = {
			isa = XCConfigurationList;
			buildConfigurations = (
				FE799AD61AA833850058391D /* Debug */,
				FE799AD71AA833850058391D /* Release */,
			);
			defaultConfigurationIsVisible = 0;
			defaultConfigurationName = Release;
		};
/* End XCConfigurationList section */
	};
	rootObject = FE799AA71AA833840058391D /* Project object */;
}
